// !$*UTF8*$!
{
	archiveVersion = 1;
	classes = {
	};
	objectVersion = 50;
	objects = {

/* Begin PBXBuildFile section */
		105A4E2A473D2C4E28025D68 /* Pods_Talk2Me.framework in Frameworks */ = {isa = PBXBuildFile; fileRef = 7A3FF73871FF603A0577F928 /* Pods_Talk2Me.framework */; };
		325E0BC1D5D8EB3E23A97577 /* Pods_Talk2MeTests.framework in Frameworks */ = {isa = PBXBuildFile; fileRef = 17CDFAE6D62274D650BD1981 /* Pods_Talk2MeTests.framework */; };
		7DF099C321BDF6DC0087710C /* AppDelegate.swift in Sources */ = {isa = PBXBuildFile; fileRef = 7DF099C221BDF6DC0087710C /* AppDelegate.swift */; };
		7DF099C521BDF6DC0087710C /* ViewController.swift in Sources */ = {isa = PBXBuildFile; fileRef = 7DF099C421BDF6DC0087710C /* ViewController.swift */; };
		7DF099C821BDF6DC0087710C /* Main.storyboard in Resources */ = {isa = PBXBuildFile; fileRef = 7DF099C621BDF6DC0087710C /* Main.storyboard */; };
		7DF099CA21BDF6DE0087710C /* Assets.xcassets in Resources */ = {isa = PBXBuildFile; fileRef = 7DF099C921BDF6DE0087710C /* Assets.xcassets */; };
		7DF099CD21BDF6DE0087710C /* LaunchScreen.storyboard in Resources */ = {isa = PBXBuildFile; fileRef = 7DF099CB21BDF6DE0087710C /* LaunchScreen.storyboard */; };
		7DF099D821BDF6DE0087710C /* Talk2MeTests.swift in Sources */ = {isa = PBXBuildFile; fileRef = 7DF099D721BDF6DE0087710C /* Talk2MeTests.swift */; };
		7DF099E321BDF6DE0087710C /* Talk2MeUITests.swift in Sources */ = {isa = PBXBuildFile; fileRef = 7DF099E221BDF6DE0087710C /* Talk2MeUITests.swift */; };
		7DF099F121BE02CF0087710C /* LoginViewController.swift in Sources */ = {isa = PBXBuildFile; fileRef = 7DF099F021BE02CF0087710C /* LoginViewController.swift */; };
		7DF099F321BE08800087710C /* ChatViewController.swift in Sources */ = {isa = PBXBuildFile; fileRef = 7DF099F221BE08800087710C /* ChatViewController.swift */; };
		7DF099F521BE0B870087710C /* ChatCell.swift in Sources */ = {isa = PBXBuildFile; fileRef = 7DF099F421BE0B870087710C /* ChatCell.swift */; };
		834A9076079AD3942FD71EA9 /* Pods_Talk2MeUITests.framework in Frameworks */ = {isa = PBXBuildFile; fileRef = 1AE341546991B89CE3EB4454 /* Pods_Talk2MeUITests.framework */; };
/* End PBXBuildFile section */

/* Begin PBXContainerItemProxy section */
		7DF099D421BDF6DE0087710C /* PBXContainerItemProxy */ = {
			isa = PBXContainerItemProxy;
			containerPortal = 7DF099B721BDF6DC0087710C /* Project object */;
			proxyType = 1;
			remoteGlobalIDString = 7DF099BE21BDF6DC0087710C;
			remoteInfo = Talk2Me;
		};
		7DF099DF21BDF6DE0087710C /* PBXContainerItemProxy */ = {
			isa = PBXContainerItemProxy;
			containerPortal = 7DF099B721BDF6DC0087710C /* Project object */;
			proxyType = 1;
			remoteGlobalIDString = 7DF099BE21BDF6DC0087710C;
			remoteInfo = Talk2Me;
		};
/* End PBXContainerItemProxy section */

/* Begin PBXFileReference section */
		17CDFAE6D62274D650BD1981 /* Pods_Talk2MeTests.framework */ = {isa = PBXFileReference; explicitFileType = wrapper.framework; includeInIndex = 0; path = Pods_Talk2MeTests.framework; sourceTree = BUILT_PRODUCTS_DIR; };
		1AE341546991B89CE3EB4454 /* Pods_Talk2MeUITests.framework */ = {isa = PBXFileReference; explicitFileType = wrapper.framework; includeInIndex = 0; path = Pods_Talk2MeUITests.framework; sourceTree = BUILT_PRODUCTS_DIR; };
		1DB033AD67F74262692EB492 /* Pods-Talk2MeTests.debug.xcconfig */ = {isa = PBXFileReference; includeInIndex = 1; lastKnownFileType = text.xcconfig; name = "Pods-Talk2MeTests.debug.xcconfig"; path = "Pods/Target Support Files/Pods-Talk2MeTests/Pods-Talk2MeTests.debug.xcconfig"; sourceTree = "<group>"; };
		675FC8AA76CEB911B28F9A5F /* Pods-Talk2Me.debug.xcconfig */ = {isa = PBXFileReference; includeInIndex = 1; lastKnownFileType = text.xcconfig; name = "Pods-Talk2Me.debug.xcconfig"; path = "Pods/Target Support Files/Pods-Talk2Me/Pods-Talk2Me.debug.xcconfig"; sourceTree = "<group>"; };
		764B4F178017995AF149CD88 /* Pods-Talk2Me.release.xcconfig */ = {isa = PBXFileReference; includeInIndex = 1; lastKnownFileType = text.xcconfig; name = "Pods-Talk2Me.release.xcconfig"; path = "Pods/Target Support Files/Pods-Talk2Me/Pods-Talk2Me.release.xcconfig"; sourceTree = "<group>"; };
		7A3FF73871FF603A0577F928 /* Pods_Talk2Me.framework */ = {isa = PBXFileReference; explicitFileType = wrapper.framework; includeInIndex = 0; path = Pods_Talk2Me.framework; sourceTree = BUILT_PRODUCTS_DIR; };
		7DF099BF21BDF6DC0087710C /* Talk2Me.app */ = {isa = PBXFileReference; explicitFileType = wrapper.application; includeInIndex = 0; path = Talk2Me.app; sourceTree = BUILT_PRODUCTS_DIR; };
		7DF099C221BDF6DC0087710C /* AppDelegate.swift */ = {isa = PBXFileReference; lastKnownFileType = sourcecode.swift; path = AppDelegate.swift; sourceTree = "<group>"; };
		7DF099C421BDF6DC0087710C /* ViewController.swift */ = {isa = PBXFileReference; lastKnownFileType = sourcecode.swift; path = ViewController.swift; sourceTree = "<group>"; };
		7DF099C721BDF6DC0087710C /* Base */ = {isa = PBXFileReference; lastKnownFileType = file.storyboard; name = Base; path = Base.lproj/Main.storyboard; sourceTree = "<group>"; };
		7DF099C921BDF6DE0087710C /* Assets.xcassets */ = {isa = PBXFileReference; lastKnownFileType = folder.assetcatalog; path = Assets.xcassets; sourceTree = "<group>"; };
		7DF099CC21BDF6DE0087710C /* Base */ = {isa = PBXFileReference; lastKnownFileType = file.storyboard; name = Base; path = Base.lproj/LaunchScreen.storyboard; sourceTree = "<group>"; };
		7DF099CE21BDF6DE0087710C /* Info.plist */ = {isa = PBXFileReference; lastKnownFileType = text.plist.xml; path = Info.plist; sourceTree = "<group>"; };
		7DF099D321BDF6DE0087710C /* Talk2MeTests.xctest */ = {isa = PBXFileReference; explicitFileType = wrapper.cfbundle; includeInIndex = 0; path = Talk2MeTests.xctest; sourceTree = BUILT_PRODUCTS_DIR; };
		7DF099D721BDF6DE0087710C /* Talk2MeTests.swift */ = {isa = PBXFileReference; lastKnownFileType = sourcecode.swift; path = Talk2MeTests.swift; sourceTree = "<group>"; };
		7DF099D921BDF6DE0087710C /* Info.plist */ = {isa = PBXFileReference; lastKnownFileType = text.plist.xml; path = Info.plist; sourceTree = "<group>"; };
		7DF099DE21BDF6DE0087710C /* Talk2MeUITests.xctest */ = {isa = PBXFileReference; explicitFileType = wrapper.cfbundle; includeInIndex = 0; path = Talk2MeUITests.xctest; sourceTree = BUILT_PRODUCTS_DIR; };
		7DF099E221BDF6DE0087710C /* Talk2MeUITests.swift */ = {isa = PBXFileReference; lastKnownFileType = sourcecode.swift; path = Talk2MeUITests.swift; sourceTree = "<group>"; };
		7DF099E421BDF6DE0087710C /* Info.plist */ = {isa = PBXFileReference; lastKnownFileType = text.plist.xml; path = Info.plist; sourceTree = "<group>"; };
		7DF099F021BE02CF0087710C /* LoginViewController.swift */ = {isa = PBXFileReference; lastKnownFileType = sourcecode.swift; path = LoginViewController.swift; sourceTree = "<group>"; };
		7DF099F221BE08800087710C /* ChatViewController.swift */ = {isa = PBXFileReference; lastKnownFileType = sourcecode.swift; path = ChatViewController.swift; sourceTree = "<group>"; };
		7DF099F421BE0B870087710C /* ChatCell.swift */ = {isa = PBXFileReference; lastKnownFileType = sourcecode.swift; path = ChatCell.swift; sourceTree = "<group>"; };
		A80A490B4F3E8134FBAE3680 /* Pods-Talk2MeTests.release.xcconfig */ = {isa = PBXFileReference; includeInIndex = 1; lastKnownFileType = text.xcconfig; name = "Pods-Talk2MeTests.release.xcconfig"; path = "Pods/Target Support Files/Pods-Talk2MeTests/Pods-Talk2MeTests.release.xcconfig"; sourceTree = "<group>"; };
		B01D7F8892825EBC50C8EFB2 /* Pods-Talk2MeUITests.release.xcconfig */ = {isa = PBXFileReference; includeInIndex = 1; lastKnownFileType = text.xcconfig; name = "Pods-Talk2MeUITests.release.xcconfig"; path = "Pods/Target Support Files/Pods-Talk2MeUITests/Pods-Talk2MeUITests.release.xcconfig"; sourceTree = "<group>"; };
		EBBDB448EA0BF343CA98682E /* Pods-Talk2MeUITests.debug.xcconfig */ = {isa = PBXFileReference; includeInIndex = 1; lastKnownFileType = text.xcconfig; name = "Pods-Talk2MeUITests.debug.xcconfig"; path = "Pods/Target Support Files/Pods-Talk2MeUITests/Pods-Talk2MeUITests.debug.xcconfig"; sourceTree = "<group>"; };
/* End PBXFileReference section */

/* Begin PBXFrameworksBuildPhase section */
		7DF099BC21BDF6DC0087710C /* Frameworks */ = {
			isa = PBXFrameworksBuildPhase;
			buildActionMask = 2147483647;
			files = (
				105A4E2A473D2C4E28025D68 /* Pods_Talk2Me.framework in Frameworks */,
			);
			runOnlyForDeploymentPostprocessing = 0;
		};
		7DF099D021BDF6DE0087710C /* Frameworks */ = {
			isa = PBXFrameworksBuildPhase;
			buildActionMask = 2147483647;
			files = (
				325E0BC1D5D8EB3E23A97577 /* Pods_Talk2MeTests.framework in Frameworks */,
			);
			runOnlyForDeploymentPostprocessing = 0;
		};
		7DF099DB21BDF6DE0087710C /* Frameworks */ = {
			isa = PBXFrameworksBuildPhase;
			buildActionMask = 2147483647;
			files = (
				834A9076079AD3942FD71EA9 /* Pods_Talk2MeUITests.framework in Frameworks */,
			);
			runOnlyForDeploymentPostprocessing = 0;
		};
/* End PBXFrameworksBuildPhase section */

/* Begin PBXGroup section */
		4AD91359801A081628A3D021 /* Frameworks */ = {
			isa = PBXGroup;
			children = (
				7A3FF73871FF603A0577F928 /* Pods_Talk2Me.framework */,
				17CDFAE6D62274D650BD1981 /* Pods_Talk2MeTests.framework */,
				1AE341546991B89CE3EB4454 /* Pods_Talk2MeUITests.framework */,
			);
			name = Frameworks;
			sourceTree = "<group>";
		};
		6DEE0263AEEDE5F933625D4C /* Pods */ = {
			isa = PBXGroup;
			children = (
				675FC8AA76CEB911B28F9A5F /* Pods-Talk2Me.debug.xcconfig */,
				764B4F178017995AF149CD88 /* Pods-Talk2Me.release.xcconfig */,
				1DB033AD67F74262692EB492 /* Pods-Talk2MeTests.debug.xcconfig */,
				A80A490B4F3E8134FBAE3680 /* Pods-Talk2MeTests.release.xcconfig */,
				EBBDB448EA0BF343CA98682E /* Pods-Talk2MeUITests.debug.xcconfig */,
				B01D7F8892825EBC50C8EFB2 /* Pods-Talk2MeUITests.release.xcconfig */,
			);
			name = Pods;
			sourceTree = "<group>";
		};
		7DF099B621BDF6DC0087710C = {
			isa = PBXGroup;
			children = (
				7DF099C121BDF6DC0087710C /* Talk2Me */,
				7DF099D621BDF6DE0087710C /* Talk2MeTests */,
				7DF099E121BDF6DE0087710C /* Talk2MeUITests */,
				7DF099C021BDF6DC0087710C /* Products */,
				6DEE0263AEEDE5F933625D4C /* Pods */,
				4AD91359801A081628A3D021 /* Frameworks */,
			);
			sourceTree = "<group>";
		};
		7DF099C021BDF6DC0087710C /* Products */ = {
			isa = PBXGroup;
			children = (
				7DF099BF21BDF6DC0087710C /* Talk2Me.app */,
				7DF099D321BDF6DE0087710C /* Talk2MeTests.xctest */,
				7DF099DE21BDF6DE0087710C /* Talk2MeUITests.xctest */,
			);
			name = Products;
			sourceTree = "<group>";
		};
		7DF099C121BDF6DC0087710C /* Talk2Me */ = {
			isa = PBXGroup;
			children = (
				7DF099C221BDF6DC0087710C /* AppDelegate.swift */,
				7DF099C421BDF6DC0087710C /* ViewController.swift */,
				7DF099C621BDF6DC0087710C /* Main.storyboard */,
				7DF099C921BDF6DE0087710C /* Assets.xcassets */,
				7DF099CB21BDF6DE0087710C /* LaunchScreen.storyboard */,
				7DF099CE21BDF6DE0087710C /* Info.plist */,
				7DF099F021BE02CF0087710C /* LoginViewController.swift */,
				7DF099F221BE08800087710C /* ChatViewController.swift */,
				7DF099F421BE0B870087710C /* ChatCell.swift */,
			);
			path = Talk2Me;
			sourceTree = "<group>";
		};
		7DF099D621BDF6DE0087710C /* Talk2MeTests */ = {
			isa = PBXGroup;
			children = (
				7DF099D721BDF6DE0087710C /* Talk2MeTests.swift */,
				7DF099D921BDF6DE0087710C /* Info.plist */,
			);
			path = Talk2MeTests;
			sourceTree = "<group>";
		};
		7DF099E121BDF6DE0087710C /* Talk2MeUITests */ = {
			isa = PBXGroup;
			children = (
				7DF099E221BDF6DE0087710C /* Talk2MeUITests.swift */,
				7DF099E421BDF6DE0087710C /* Info.plist */,
			);
			path = Talk2MeUITests;
			sourceTree = "<group>";
		};
/* End PBXGroup section */

/* Begin PBXNativeTarget section */
		7DF099BE21BDF6DC0087710C /* Talk2Me */ = {
			isa = PBXNativeTarget;
			buildConfigurationList = 7DF099E721BDF6DE0087710C /* Build configuration list for PBXNativeTarget "Talk2Me" */;
			buildPhases = (
				9B7D5DB2E222AC5DC534A583 /* [CP] Check Pods Manifest.lock */,
				7DF099BB21BDF6DC0087710C /* Sources */,
				7DF099BC21BDF6DC0087710C /* Frameworks */,
				7DF099BD21BDF6DC0087710C /* Resources */,
				DEFAFA5FB3F0654C4FF0EDC5 /* [CP] Embed Pods Frameworks */,
			);
			buildRules = (
			);
			dependencies = (
			);
			name = Talk2Me;
			productName = Talk2Me;
			productReference = 7DF099BF21BDF6DC0087710C /* Talk2Me.app */;
			productType = "com.apple.product-type.application";
		};
		7DF099D221BDF6DE0087710C /* Talk2MeTests */ = {
			isa = PBXNativeTarget;
			buildConfigurationList = 7DF099EA21BDF6DE0087710C /* Build configuration list for PBXNativeTarget "Talk2MeTests" */;
			buildPhases = (
				803A924699BD41541B48E399 /* [CP] Check Pods Manifest.lock */,
				7DF099CF21BDF6DE0087710C /* Sources */,
				7DF099D021BDF6DE0087710C /* Frameworks */,
				7DF099D121BDF6DE0087710C /* Resources */,
			);
			buildRules = (
			);
			dependencies = (
				7DF099D521BDF6DE0087710C /* PBXTargetDependency */,
			);
			name = Talk2MeTests;
			productName = Talk2MeTests;
			productReference = 7DF099D321BDF6DE0087710C /* Talk2MeTests.xctest */;
			productType = "com.apple.product-type.bundle.unit-test";
		};
		7DF099DD21BDF6DE0087710C /* Talk2MeUITests */ = {
			isa = PBXNativeTarget;
			buildConfigurationList = 7DF099ED21BDF6DE0087710C /* Build configuration list for PBXNativeTarget "Talk2MeUITests" */;
			buildPhases = (
				FD28C9E10FE014F3E5DB382D /* [CP] Check Pods Manifest.lock */,
				7DF099DA21BDF6DE0087710C /* Sources */,
				7DF099DB21BDF6DE0087710C /* Frameworks */,
				7DF099DC21BDF6DE0087710C /* Resources */,
			);
			buildRules = (
			);
			dependencies = (
				7DF099E021BDF6DE0087710C /* PBXTargetDependency */,
			);
			name = Talk2MeUITests;
			productName = Talk2MeUITests;
			productReference = 7DF099DE21BDF6DE0087710C /* Talk2MeUITests.xctest */;
			productType = "com.apple.product-type.bundle.ui-testing";
		};
/* End PBXNativeTarget section */

/* Begin PBXProject section */
		7DF099B721BDF6DC0087710C /* Project object */ = {
			isa = PBXProject;
			attributes = {
				LastSwiftUpdateCheck = 1010;
				LastUpgradeCheck = 1010;
				ORGANIZATIONNAME = "Jorge Alejandre";
				TargetAttributes = {
					7DF099BE21BDF6DC0087710C = {
						CreatedOnToolsVersion = 10.1;
					};
					7DF099D221BDF6DE0087710C = {
						CreatedOnToolsVersion = 10.1;
						TestTargetID = 7DF099BE21BDF6DC0087710C;
					};
					7DF099DD21BDF6DE0087710C = {
						CreatedOnToolsVersion = 10.1;
						TestTargetID = 7DF099BE21BDF6DC0087710C;
					};
				};
			};
			buildConfigurationList = 7DF099BA21BDF6DC0087710C /* Build configuration list for PBXProject "Talk2Me" */;
			compatibilityVersion = "Xcode 9.3";
			developmentRegion = en;
			hasScannedForEncodings = 0;
			knownRegions = (
				en,
				Base,
			);
			mainGroup = 7DF099B621BDF6DC0087710C;
			productRefGroup = 7DF099C021BDF6DC0087710C /* Products */;
			projectDirPath = "";
			projectRoot = "";
			targets = (
				7DF099BE21BDF6DC0087710C /* Talk2Me */,
				7DF099D221BDF6DE0087710C /* Talk2MeTests */,
				7DF099DD21BDF6DE0087710C /* Talk2MeUITests */,
			);
		};
/* End PBXProject section */

/* Begin PBXResourcesBuildPhase section */
		7DF099BD21BDF6DC0087710C /* Resources */ = {
			isa = PBXResourcesBuildPhase;
			buildActionMask = 2147483647;
			files = (
				7DF099CD21BDF6DE0087710C /* LaunchScreen.storyboard in Resources */,
				7DF099CA21BDF6DE0087710C /* Assets.xcassets in Resources */,
				7DF099C821BDF6DC0087710C /* Main.storyboard in Resources */,
			);
			runOnlyForDeploymentPostprocessing = 0;
		};
		7DF099D121BDF6DE0087710C /* Resources */ = {
			isa = PBXResourcesBuildPhase;
			buildActionMask = 2147483647;
			files = (
			);
			runOnlyForDeploymentPostprocessing = 0;
		};
		7DF099DC21BDF6DE0087710C /* Resources */ = {
			isa = PBXResourcesBuildPhase;
			buildActionMask = 2147483647;
			files = (
			);
			runOnlyForDeploymentPostprocessing = 0;
		};
/* End PBXResourcesBuildPhase section */

/* Begin PBXShellScriptBuildPhase section */
		803A924699BD41541B48E399 /* [CP] Check Pods Manifest.lock */ = {
			isa = PBXShellScriptBuildPhase;
			buildActionMask = 2147483647;
			files = (
			);
			inputFileListPaths = (
			);
			inputPaths = (
				"${PODS_PODFILE_DIR_PATH}/Podfile.lock",
				"${PODS_ROOT}/Manifest.lock",
			);
			name = "[CP] Check Pods Manifest.lock";
			outputFileListPaths = (
			);
			outputPaths = (
				"$(DERIVED_FILE_DIR)/Pods-Talk2MeTests-checkManifestLockResult.txt",
			);
			runOnlyForDeploymentPostprocessing = 0;
			shellPath = /bin/sh;
			shellScript = "diff \"${PODS_PODFILE_DIR_PATH}/Podfile.lock\" \"${PODS_ROOT}/Manifest.lock\" > /dev/null\nif [ $? != 0 ] ; then\n    # print error to STDERR\n    echo \"error: The sandbox is not in sync with the Podfile.lock. Run 'pod install' or update your CocoaPods installation.\" >&2\n    exit 1\nfi\n# This output is used by Xcode 'outputs' to avoid re-running this script phase.\necho \"SUCCESS\" > \"${SCRIPT_OUTPUT_FILE_0}\"\n";
			showEnvVarsInLog = 0;
		};
		9B7D5DB2E222AC5DC534A583 /* [CP] Check Pods Manifest.lock */ = {
			isa = PBXShellScriptBuildPhase;
			buildActionMask = 2147483647;
			files = (
			);
			inputFileListPaths = (
			);
			inputPaths = (
				"${PODS_PODFILE_DIR_PATH}/Podfile.lock",
				"${PODS_ROOT}/Manifest.lock",
			);
			name = "[CP] Check Pods Manifest.lock";
			outputFileListPaths = (
			);
			outputPaths = (
				"$(DERIVED_FILE_DIR)/Pods-Talk2Me-checkManifestLockResult.txt",
			);
			runOnlyForDeploymentPostprocessing = 0;
			shellPath = /bin/sh;
			shellScript = "diff \"${PODS_PODFILE_DIR_PATH}/Podfile.lock\" \"${PODS_ROOT}/Manifest.lock\" > /dev/null\nif [ $? != 0 ] ; then\n    # print error to STDERR\n    echo \"error: The sandbox is not in sync with the Podfile.lock. Run 'pod install' or update your CocoaPods installation.\" >&2\n    exit 1\nfi\n# This output is used by Xcode 'outputs' to avoid re-running this script phase.\necho \"SUCCESS\" > \"${SCRIPT_OUTPUT_FILE_0}\"\n";
			showEnvVarsInLog = 0;
		};
		DEFAFA5FB3F0654C4FF0EDC5 /* [CP] Embed Pods Frameworks */ = {
			isa = PBXShellScriptBuildPhase;
			buildActionMask = 2147483647;
			files = (
			);
			inputFileListPaths = (
			);
			inputPaths = (
				"${SRCROOT}/Pods/Target Support Files/Pods-Talk2Me/Pods-Talk2Me-frameworks.sh",
				"${BUILT_PRODUCTS_DIR}/Bolts/Bolts.framework",
				"${BUILT_PRODUCTS_DIR}/Parse/Parse.framework",
			);
			name = "[CP] Embed Pods Frameworks";
			outputFileListPaths = (
			);
			outputPaths = (
				"${TARGET_BUILD_DIR}/${FRAMEWORKS_FOLDER_PATH}/Bolts.framework",
				"${TARGET_BUILD_DIR}/${FRAMEWORKS_FOLDER_PATH}/Parse.framework",
			);
			runOnlyForDeploymentPostprocessing = 0;
			shellPath = /bin/sh;
			shellScript = "\"${SRCROOT}/Pods/Target Support Files/Pods-Talk2Me/Pods-Talk2Me-frameworks.sh\"\n";
			showEnvVarsInLog = 0;
		};
		FD28C9E10FE014F3E5DB382D /* [CP] Check Pods Manifest.lock */ = {
			isa = PBXShellScriptBuildPhase;
			buildActionMask = 2147483647;
			files = (
			);
			inputFileListPaths = (
			);
			inputPaths = (
				"${PODS_PODFILE_DIR_PATH}/Podfile.lock",
				"${PODS_ROOT}/Manifest.lock",
			);
			name = "[CP] Check Pods Manifest.lock";
			outputFileListPaths = (
			);
			outputPaths = (
				"$(DERIVED_FILE_DIR)/Pods-Talk2MeUITests-checkManifestLockResult.txt",
			);
			runOnlyForDeploymentPostprocessing = 0;
			shellPath = /bin/sh;
			shellScript = "diff \"${PODS_PODFILE_DIR_PATH}/Podfile.lock\" \"${PODS_ROOT}/Manifest.lock\" > /dev/null\nif [ $? != 0 ] ; then\n    # print error to STDERR\n    echo \"error: The sandbox is not in sync with the Podfile.lock. Run 'pod install' or update your CocoaPods installation.\" >&2\n    exit 1\nfi\n# This output is used by Xcode 'outputs' to avoid re-running this script phase.\necho \"SUCCESS\" > \"${SCRIPT_OUTPUT_FILE_0}\"\n";
			showEnvVarsInLog = 0;
		};
/* End PBXShellScriptBuildPhase section */

/* Begin PBXSourcesBuildPhase section */
		7DF099BB21BDF6DC0087710C /* Sources */ = {
			isa = PBXSourcesBuildPhase;
			buildActionMask = 2147483647;
			files = (
				7DF099F121BE02CF0087710C /* LoginViewController.swift in Sources */,
				7DF099C521BDF6DC0087710C /* ViewController.swift in Sources */,
				7DF099F321BE08800087710C /* ChatViewController.swift in Sources */,
				7DF099F521BE0B870087710C /* ChatCell.swift in Sources */,
				7DF099C321BDF6DC0087710C /* AppDelegate.swift in Sources */,
			);
			runOnlyForDeploymentPostprocessing = 0;
		};
		7DF099CF21BDF6DE0087710C /* Sources */ = {
			isa = PBXSourcesBuildPhase;
			buildActionMask = 2147483647;
			files = (
				7DF099D821BDF6DE0087710C /* Talk2MeTests.swift in Sources */,
			);
			runOnlyForDeploymentPostprocessing = 0;
		};
		7DF099DA21BDF6DE0087710C /* Sources */ = {
			isa = PBXSourcesBuildPhase;
			buildActionMask = 2147483647;
			files = (
				7DF099E321BDF6DE0087710C /* Talk2MeUITests.swift in Sources */,
			);
			runOnlyForDeploymentPostprocessing = 0;
		};
/* End PBXSourcesBuildPhase section */

/* Begin PBXTargetDependency section */
		7DF099D521BDF6DE0087710C /* PBXTargetDependency */ = {
			isa = PBXTargetDependency;
			target = 7DF099BE21BDF6DC0087710C /* Talk2Me */;
			targetProxy = 7DF099D421BDF6DE0087710C /* PBXContainerItemProxy */;
		};
		7DF099E021BDF6DE0087710C /* PBXTargetDependency */ = {
			isa = PBXTargetDependency;
			target = 7DF099BE21BDF6DC0087710C /* Talk2Me */;
			targetProxy = 7DF099DF21BDF6DE0087710C /* PBXContainerItemProxy */;
		};
/* End PBXTargetDependency section */

/* Begin PBXVariantGroup section */
		7DF099C621BDF6DC0087710C /* Main.storyboard */ = {
			isa = PBXVariantGroup;
			children = (
				7DF099C721BDF6DC0087710C /* Base */,
			);
			name = Main.storyboard;
			sourceTree = "<group>";
		};
		7DF099CB21BDF6DE0087710C /* LaunchScreen.storyboard */ = {
			isa = PBXVariantGroup;
			children = (
				7DF099CC21BDF6DE0087710C /* Base */,
			);
			name = LaunchScreen.storyboard;
			sourceTree = "<group>";
		};
/* End PBXVariantGroup section */

/* Begin XCBuildConfiguration section */
		7DF099E521BDF6DE0087710C /* Debug */ = {
			isa = XCBuildConfiguration;
			buildSettings = {
				ALWAYS_SEARCH_USER_PATHS = NO;
				CLANG_ANALYZER_NONNULL = YES;
				CLANG_ANALYZER_NUMBER_OBJECT_CONVERSION = YES_AGGRESSIVE;
				CLANG_CXX_LANGUAGE_STANDARD = "gnu++14";
				CLANG_CXX_LIBRARY = "libc++";
				CLANG_ENABLE_MODULES = YES;
				CLANG_ENABLE_OBJC_ARC = YES;
				CLANG_ENABLE_OBJC_WEAK = YES;
				CLANG_WARN_BLOCK_CAPTURE_AUTORELEASING = YES;
				CLANG_WARN_BOOL_CONVERSION = YES;
				CLANG_WARN_COMMA = YES;
				CLANG_WARN_CONSTANT_CONVERSION = YES;
				CLANG_WARN_DEPRECATED_OBJC_IMPLEMENTATIONS = YES;
				CLANG_WARN_DIRECT_OBJC_ISA_USAGE = YES_ERROR;
				CLANG_WARN_DOCUMENTATION_COMMENTS = YES;
				CLANG_WARN_EMPTY_BODY = YES;
				CLANG_WARN_ENUM_CONVERSION = YES;
				CLANG_WARN_INFINITE_RECURSION = YES;
				CLANG_WARN_INT_CONVERSION = YES;
				CLANG_WARN_NON_LITERAL_NULL_CONVERSION = YES;
				CLANG_WARN_OBJC_IMPLICIT_RETAIN_SELF = YES;
				CLANG_WARN_OBJC_LITERAL_CONVERSION = YES;
				CLANG_WARN_OBJC_ROOT_CLASS = YES_ERROR;
				CLANG_WARN_RANGE_LOOP_ANALYSIS = YES;
				CLANG_WARN_STRICT_PROTOTYPES = YES;
				CLANG_WARN_SUSPICIOUS_MOVE = YES;
				CLANG_WARN_UNGUARDED_AVAILABILITY = YES_AGGRESSIVE;
				CLANG_WARN_UNREACHABLE_CODE = YES;
				CLANG_WARN__DUPLICATE_METHOD_MATCH = YES;
				CODE_SIGN_IDENTITY = "iPhone Developer";
				COPY_PHASE_STRIP = NO;
				DEBUG_INFORMATION_FORMAT = dwarf;
				ENABLE_STRICT_OBJC_MSGSEND = YES;
				ENABLE_TESTABILITY = YES;
				GCC_C_LANGUAGE_STANDARD = gnu11;
				GCC_DYNAMIC_NO_PIC = NO;
				GCC_NO_COMMON_BLOCKS = YES;
				GCC_OPTIMIZATION_LEVEL = 0;
				GCC_PREPROCESSOR_DEFINITIONS = (
					"DEBUG=1",
					"$(inherited)",
				);
				GCC_WARN_64_TO_32_BIT_CONVERSION = YES;
				GCC_WARN_ABOUT_RETURN_TYPE = YES_ERROR;
				GCC_WARN_UNDECLARED_SELECTOR = YES;
				GCC_WARN_UNINITIALIZED_AUTOS = YES_AGGRESSIVE;
				GCC_WARN_UNUSED_FUNCTION = YES;
				GCC_WARN_UNUSED_VARIABLE = YES;
				IPHONEOS_DEPLOYMENT_TARGET = 12.1;
				MTL_ENABLE_DEBUG_INFO = INCLUDE_SOURCE;
				MTL_FAST_MATH = YES;
				ONLY_ACTIVE_ARCH = YES;
				SDKROOT = iphoneos;
				SWIFT_ACTIVE_COMPILATION_CONDITIONS = DEBUG;
				SWIFT_OPTIMIZATION_LEVEL = "-Onone";
			};
			name = Debug;
		};
		7DF099E621BDF6DE0087710C /* Release */ = {
			isa = XCBuildConfiguration;
			buildSettings = {
				ALWAYS_SEARCH_USER_PATHS = NO;
				CLANG_ANALYZER_NONNULL = YES;
				CLANG_ANALYZER_NUMBER_OBJECT_CONVERSION = YES_AGGRESSIVE;
				CLANG_CXX_LANGUAGE_STANDARD = "gnu++14";
				CLANG_CXX_LIBRARY = "libc++";
				CLANG_ENABLE_MODULES = YES;
				CLANG_ENABLE_OBJC_ARC = YES;
				CLANG_ENABLE_OBJC_WEAK = YES;
				CLANG_WARN_BLOCK_CAPTURE_AUTORELEASING = YES;
				CLANG_WARN_BOOL_CONVERSION = YES;
				CLANG_WARN_COMMA = YES;
				CLANG_WARN_CONSTANT_CONVERSION = YES;
				CLANG_WARN_DEPRECATED_OBJC_IMPLEMENTATIONS = YES;
				CLANG_WARN_DIRECT_OBJC_ISA_USAGE = YES_ERROR;
				CLANG_WARN_DOCUMENTATION_COMMENTS = YES;
				CLANG_WARN_EMPTY_BODY = YES;
				CLANG_WARN_ENUM_CONVERSION = YES;
				CLANG_WARN_INFINITE_RECURSION = YES;
				CLANG_WARN_INT_CONVERSION = YES;
				CLANG_WARN_NON_LITERAL_NULL_CONVERSION = YES;
				CLANG_WARN_OBJC_IMPLICIT_RETAIN_SELF = YES;
				CLANG_WARN_OBJC_LITERAL_CONVERSION = YES;
				CLANG_WARN_OBJC_ROOT_CLASS = YES_ERROR;
				CLANG_WARN_RANGE_LOOP_ANALYSIS = YES;
				CLANG_WARN_STRICT_PROTOTYPES = YES;
				CLANG_WARN_SUSPICIOUS_MOVE = YES;
				CLANG_WARN_UNGUARDED_AVAILABILITY = YES_AGGRESSIVE;
				CLANG_WARN_UNREACHABLE_CODE = YES;
				CLANG_WARN__DUPLICATE_METHOD_MATCH = YES;
				CODE_SIGN_IDENTITY = "iPhone Developer";
				COPY_PHASE_STRIP = NO;
				DEBUG_INFORMATION_FORMAT = "dwarf-with-dsym";
				ENABLE_NS_ASSERTIONS = NO;
				ENABLE_STRICT_OBJC_MSGSEND = YES;
				GCC_C_LANGUAGE_STANDARD = gnu11;
				GCC_NO_COMMON_BLOCKS = YES;
				GCC_WARN_64_TO_32_BIT_CONVERSION = YES;
				GCC_WARN_ABOUT_RETURN_TYPE = YES_ERROR;
				GCC_WARN_UNDECLARED_SELECTOR = YES;
				GCC_WARN_UNINITIALIZED_AUTOS = YES_AGGRESSIVE;
				GCC_WARN_UNUSED_FUNCTION = YES;
				GCC_WARN_UNUSED_VARIABLE = YES;
				IPHONEOS_DEPLOYMENT_TARGET = 12.1;
				MTL_ENABLE_DEBUG_INFO = NO;
				MTL_FAST_MATH = YES;
				SDKROOT = iphoneos;
				SWIFT_COMPILATION_MODE = wholemodule;
				SWIFT_OPTIMIZATION_LEVEL = "-O";
				VALIDATE_PRODUCT = YES;
			};
			name = Release;
		};
		7DF099E821BDF6DE0087710C /* Debug */ = {
			isa = XCBuildConfiguration;
			baseConfigurationReference = 675FC8AA76CEB911B28F9A5F /* Pods-Talk2Me.debug.xcconfig */;
			buildSettings = {
				ASSETCATALOG_COMPILER_APPICON_NAME = AppIcon;
				CODE_SIGN_STYLE = Automatic;
				INFOPLIST_FILE = Talk2Me/Info.plist;
				LD_RUNPATH_SEARCH_PATHS = (
					"$(inherited)",
					"@executable_path/Frameworks",
				);
				PRODUCT_BUNDLE_IDENTIFIER = "Civil-War.Talk2Me";
				PRODUCT_NAME = "$(TARGET_NAME)";
				SWIFT_VERSION = 4.2;
				TARGETED_DEVICE_FAMILY = "1,2";
			};
			name = Debug;
		};
		7DF099E921BDF6DE0087710C /* Release */ = {
			isa = XCBuildConfiguration;
			baseConfigurationReference = 764B4F178017995AF149CD88 /* Pods-Talk2Me.release.xcconfig */;
			buildSettings = {
				ASSETCATALOG_COMPILER_APPICON_NAME = AppIcon;
				CODE_SIGN_STYLE = Automatic;
				INFOPLIST_FILE = Talk2Me/Info.plist;
				LD_RUNPATH_SEARCH_PATHS = (
					"$(inherited)",
					"@executable_path/Frameworks",
				);
				PRODUCT_BUNDLE_IDENTIFIER = "Civil-War.Talk2Me";
				PRODUCT_NAME = "$(TARGET_NAME)";
				SWIFT_VERSION = 4.2;
				TARGETED_DEVICE_FAMILY = "1,2";
			};
			name = Release;
		};
		7DF099EB21BDF6DE0087710C /* Debug */ = {
			isa = XCBuildConfiguration;
			baseConfigurationReference = 1DB033AD67F74262692EB492 /* Pods-Talk2MeTests.debug.xcconfig */;
			buildSettings = {
				ALWAYS_EMBED_SWIFT_STANDARD_LIBRARIES = YES;
				BUNDLE_LOADER = "$(TEST_HOST)";
				CODE_SIGN_STYLE = Automatic;
				INFOPLIST_FILE = Talk2MeTests/Info.plist;
				LD_RUNPATH_SEARCH_PATHS = (
					"$(inherited)",
					"@executable_path/Frameworks",
					"@loader_path/Frameworks",
				);
				PRODUCT_BUNDLE_IDENTIFIER = "Civil-War.Talk2MeTests";
				PRODUCT_NAME = "$(TARGET_NAME)";
				SWIFT_VERSION = 4.2;
				TARGETED_DEVICE_FAMILY = "1,2";
				TEST_HOST = "$(BUILT_PRODUCTS_DIR)/Talk2Me.app/Talk2Me";
			};
			name = Debug;
		};
		7DF099EC21BDF6DE0087710C /* Release */ = {
			isa = XCBuildConfiguration;
			baseConfigurationReference = A80A490B4F3E8134FBAE3680 /* Pods-Talk2MeTests.release.xcconfig */;
			buildSettings = {
				ALWAYS_EMBED_SWIFT_STANDARD_LIBRARIES = YES;
				BUNDLE_LOADER = "$(TEST_HOST)";
				CODE_SIGN_STYLE = Automatic;
				INFOPLIST_FILE = Talk2MeTests/Info.plist;
				LD_RUNPATH_SEARCH_PATHS = (
					"$(inherited)",
					"@executable_path/Frameworks",
					"@loader_path/Frameworks",
				);
				PRODUCT_BUNDLE_IDENTIFIER = "Civil-War.Talk2MeTests";
				PRODUCT_NAME = "$(TARGET_NAME)";
				SWIFT_VERSION = 4.2;
				TARGETED_DEVICE_FAMILY = "1,2";
				TEST_HOST = "$(BUILT_PRODUCTS_DIR)/Talk2Me.app/Talk2Me";
			};
			name = Release;
		};
		7DF099EE21BDF6DE0087710C /* Debug */ = {
			isa = XCBuildConfiguration;
			baseConfigurationReference = EBBDB448EA0BF343CA98682E /* Pods-Talk2MeUITests.debug.xcconfig */;
			buildSettings = {
				ALWAYS_EMBED_SWIFT_STANDARD_LIBRARIES = YES;
				CODE_SIGN_STYLE = Automatic;
				INFOPLIST_FILE = Talk2MeUITests/Info.plist;
				LD_RUNPATH_SEARCH_PATHS = (
					"$(inherited)",
					"@executable_path/Frameworks",
					"@loader_path/Frameworks",
				);
				PRODUCT_BUNDLE_IDENTIFIER = "Civil-War.Talk2MeUITests";
				PRODUCT_NAME = "$(TARGET_NAME)";
				SWIFT_VERSION = 4.2;
				TARGETED_DEVICE_FAMILY = "1,2";
				TEST_TARGET_NAME = Talk2Me;
			};
			name = Debug;
		};
		7DF099EF21BDF6DE0087710C /* Release */ = {
			isa = XCBuildConfiguration;
			baseConfigurationReference = B01D7F8892825EBC50C8EFB2 /* Pods-Talk2MeUITests.release.xcconfig */;
			buildSettings = {
				ALWAYS_EMBED_SWIFT_STANDARD_LIBRARIES = YES;
				CODE_SIGN_STYLE = Automatic;
				INFOPLIST_FILE = Talk2MeUITests/Info.plist;
				LD_RUNPATH_SEARCH_PATHS = (
					"$(inherited)",
					"@executable_path/Frameworks",
					"@loader_path/Frameworks",
				);
				PRODUCT_BUNDLE_IDENTIFIER = "Civil-War.Talk2MeUITests";
				PRODUCT_NAME = "$(TARGET_NAME)";
				SWIFT_VERSION = 4.2;
				TARGETED_DEVICE_FAMILY = "1,2";
				TEST_TARGET_NAME = Talk2Me;
			};
			name = Release;
		};
/* End XCBuildConfiguration section */

/* Begin XCConfigurationList section */
		7DF099BA21BDF6DC0087710C /* Build configuration list for PBXProject "Talk2Me" */ = {
			isa = XCConfigurationList;
			buildConfigurations = (
				7DF099E521BDF6DE0087710C /* Debug */,
				7DF099E621BDF6DE0087710C /* Release */,
			);
			defaultConfigurationIsVisible = 0;
			defaultConfigurationName = Release;
		};
		7DF099E721BDF6DE0087710C /* Build configuration list for PBXNativeTarget "Talk2Me" */ = {
			isa = XCConfigurationList;
			buildConfigurations = (
				7DF099E821BDF6DE0087710C /* Debug */,
				7DF099E921BDF6DE0087710C /* Release */,
			);
			defaultConfigurationIsVisible = 0;
			defaultConfigurationName = Release;
		};
		7DF099EA21BDF6DE0087710C /* Build configuration list for PBXNativeTarget "Talk2MeTests" */ = {
			isa = XCConfigurationList;
			buildConfigurations = (
				7DF099EB21BDF6DE0087710C /* Debug */,
				7DF099EC21BDF6DE0087710C /* Release */,
			);
			defaultConfigurationIsVisible = 0;
			defaultConfigurationName = Release;
		};
		7DF099ED21BDF6DE0087710C /* Build configuration list for PBXNativeTarget "Talk2MeUITests" */ = {
			isa = XCConfigurationList;
			buildConfigurations = (
				7DF099EE21BDF6DE0087710C /* Debug */,
				7DF099EF21BDF6DE0087710C /* Release */,
			);
			defaultConfigurationIsVisible = 0;
			defaultConfigurationName = Release;
		};
/* End XCConfigurationList section */
	};
	rootObject = 7DF099B721BDF6DC0087710C /* Project object */;
}
